GEM
  remote: https://rubygems.org/
  specs:
    base64 (0.3.0)
    rack (3.2.6)
    rack-session (2.1.1)
      base64 (>= 0.1.0)
      rack (>= 3.0.0)

PLATFORMS
  arm64-darwin-23
  ruby

DEPENDENCIES
  rack-session (= 2.1.1)

CHECKSUMS
  base64 (0.3.0) sha256=27337aeabad6ffae05c265c450490628ef3ebd4b67be58257393227588f5a97b
  rack (3.2.6) sha256=5ed78e1f73b2e25679bec7d45ee2d4483cc4146eb1be0264fc4d94cb5ef212c2
  rack-session (2.1.1) sha256=0b6dc07dea7e4b583f58a48e8b806d4c9f1c6c9214ebc202ec94562cbea2e4e9

BUNDLED WITH
  4.0.7
